
Microsoft Visual Studio Solution File, Format Version 12.00
# Visual Studio Version 17
VisualStudioVersion = 17.7.34221.43
MinimumVisualStudioVersion = 10.0.40219.1
Project("{9A19103F-16F7-4668-BE54-9A1E7A4F7556}") = "WpfApp1.App", "WpfApp1.App\WpfApp1.App.csproj", "{8CD56981-569F-4BC7-8C3E-A97955F885C6}"
EndProject
Project("{9A19103F-16F7-4668-BE54-9A1E7A4F7556}") = "WpfApp1.BL", "WpfApp1.BL\WpfApp1.BL.csproj", "{6F89A5BC-55CA-4434-8299-5DAF9111EDF3}"
EndProject
Project("{9A19103F-16F7-4668-BE54-9A1E7A4F7556}") = "WpfApp1.DAL", "WpfApp1.DAL\WpfApp1.DAL.csproj", "{BD1F7CDC-F8CF-4EA4-B984-7F2DBDDB90D2}"
EndProject
Project("{9A19103F-16F7-4668-BE54-9A1E7A4F7556}") = "WpfApp1.DAL.Tests", "WpfApp1.DAL.Tests\WpfApp1.DAL.Tests.csproj", "{67ABEFAA-54DE-44DE-B118-660F7D5C9865}"
EndProject
Project("{9A19103F-16F7-4668-BE54-9A1E7A4F7556}") = "WpfApp1.BL.tests", "WpfApp1.BL.tests\WpfApp1.BL.tests.csproj", "{AEAC7805-D097-490C-8F1D-50F1AF0736E7}"
EndProject
Global
	GlobalSection(SolutionConfigurationPlatforms) = preSolution
		Debug|Any CPU = Debug|Any CPU
		Release|Any CPU = Release|Any CPU
	EndGlobalSection
	GlobalSection(ProjectConfigurationPlatforms) = postSolution
		{8CD56981-569F-4BC7-8C3E-A97955F885C6}.Debug|Any CPU.ActiveCfg = Debug|Any CPU
		{8CD56981-569F-4BC7-8C3E-A97955F885C6}.Debug|Any CPU.Build.0 = Debug|Any CPU
		{8CD56981-569F-4BC7-8C3E-A97955F885C6}.Release|Any CPU.ActiveCfg = Release|Any CPU
		{8CD56981-569F-4BC7-8C3E-A97955F885C6}.Release|Any CPU.Build.0 = Release|Any CPU
		{6F89A5BC-55CA-4434-8299-5DAF9111EDF3}.Debug|Any CPU.ActiveCfg = Debug|Any CPU
		{6F89A5BC-55CA-4434-8299-5DAF9111EDF3}.Debug|Any CPU.Build.0 = Debug|Any CPU
		{6F89A5BC-55CA-4434-8299-5DAF9111EDF3}.Release|Any CPU.ActiveCfg = Release|Any CPU
		{6F89A5BC-55CA-4434-8299-5DAF9111EDF3}.Release|Any CPU.Build.0 = Release|Any CPU
		{BD1F7CDC-F8CF-4EA4-B984-7F2DBDDB90D2}.Debug|Any CPU.ActiveCfg = Debug|Any CPU
		{BD1F7CDC-F8CF-4EA4-B984-7F2DBDDB90D2}.Debug|Any CPU.Build.0 = Debug|Any CPU
		{BD1F7CDC-F8CF-4EA4-B984-7F2DBDDB90D2}.Release|Any CPU.ActiveCfg = Release|Any CPU
		{BD1F7CDC-F8CF-4EA4-B984-7F2DBDDB90D2}.Release|Any CPU.Build.0 = Release|Any CPU
		{67ABEFAA-54DE-44DE-B118-660F7D5C9865}.Debug|Any CPU.ActiveCfg = Debug|Any CPU
		{67ABEFAA-54DE-44DE-B118-660F7D5C9865}.Debug|Any CPU.Build.0 = Debug|Any CPU
		{67ABEFAA-54DE-44DE-B118-660F7D5C9865}.Release|Any CPU.ActiveCfg = Release|Any CPU
		{67ABEFAA-54DE-44DE-B118-660F7D5C9865}.Release|Any CPU.Build.0 = Release|Any CPU
		{AEAC7805-D097-490C-8F1D-50F1AF0736E7}.Debug|Any CPU.ActiveCfg = Debug|Any CPU
		{AEAC7805-D097-490C-8F1D-50F1AF0736E7}.Debug|Any CPU.Build.0 = Debug|Any CPU
		{AEAC7805-D097-490C-8F1D-50F1AF0736E7}.Release|Any CPU.ActiveCfg = Release|Any CPU
		{AEAC7805-D097-490C-8F1D-50F1AF0736E7}.Release|Any CPU.Build.0 = Release|Any CPU
	EndGlobalSection
	GlobalSection(SolutionProperties) = preSolution
		HideSolutionNode = FALSE
	EndGlobalSection
	GlobalSection(ExtensibilityGlobals) = postSolution
		SolutionGuid = {D878DA78-3A8B-4B58-8F5A-5E3B9C24B3D4}
	EndGlobalSection
EndGlobal
